
Microsoft Visual Studio Solution File, Format Version 12.00
# Visual Studio Version 16
VisualStudioVersion = 16.0.30517.126
MinimumVisualStudioVersion = 10.0.40219.1
Project("{FAE04EC0-301F-11D3-BF4B-00C04F79EFBC}") = "RestApiUsingK6", "RestApiUsingK6\RestApiUsingK6.csproj", "{97D0C74B-9A01-44D2-80C9-892AE0822DAE}"
EndProject
Global
	GlobalSection(SolutionConfigurationPlatforms) = preSolution
		Debug|Any CPU = Debug|Any CPU
		Release|Any CPU = Release|Any CPU
	EndGlobalSection
	GlobalSection(ProjectConfigurationPlatforms) = postSolution
		{97D0C74B-9A01-44D2-80C9-892AE0822DAE}.Debug|Any CPU.ActiveCfg = Debug|Any CPU
		{97D0C74B-9A01-44D2-80C9-892AE0822DAE}.Debug|Any CPU.Build.0 = Debug|Any CPU
		{97D0C74B-9A01-44D2-80C9-892AE0822DAE}.Release|Any CPU.ActiveCfg = Release|Any CPU
		{97D0C74B-9A01-44D2-80C9-892AE0822DAE}.Release|Any CPU.Build.0 = Release|Any CPU
	EndGlobalSection
	GlobalSection(SolutionProperties) = preSolution
		HideSolutionNode = FALSE
	EndGlobalSection
	GlobalSection(ExtensibilityGlobals) = postSolution
		SolutionGuid = {996D402F-B1DD-4302-9A8B-AB3DDB282D71}
	EndGlobalSection
EndGlobal
